// !$*UTF8*$!
{
	archiveVersion = 1;
	classes = {
	};
	objectVersion = 56;
	objects = {

/* Begin PBXBuildFile section */
		A100000200000000000000A2 /* RunningWidget.swift in Sources */ = {isa = PBXBuildFile; fileRef = A100000100000000000000A1 /* RunningWidget.swift */; };
		A100000F00000000000000AF /* RunningWidget.appex in Embed Foundation Extensions */ = {isa = PBXBuildFile; fileRef = A100000300000000000000A3 /* RunningWidget.appex */; settings = {ATTRIBUTES = (RemoveHeadersOnCopy, ); }; };
		CC00000100000000000000C1 /* StravaRunningApp.swift in Sources */ = {isa = PBXBuildFile; fileRef = BB00000100000000000000B1 /* StravaRunningApp.swift */; };
		CC00000200000000000000C2 /* AppState.swift in Sources */ = {isa = PBXBuildFile; fileRef = BB00000200000000000000B2 /* AppState.swift */; };
		CC00000300000000000000C3 /* ContentView.swift in Sources */ = {isa = PBXBuildFile; fileRef = BB00000300000000000000B3 /* ContentView.swift */; };
		CC00000400000000000000C4 /* DashboardView.swift in Sources */ = {isa = PBXBuildFile; fileRef = BB00000400000000000000B4 /* DashboardView.swift */; };
		CC00000500000000000000C5 /* LoginView.swift in Sources */ = {isa = PBXBuildFile; fileRef = BB00000500000000000000B5 /* LoginView.swift */; };
		CC00000600000000000000C6 /* MetricsView.swift in Sources */ = {isa = PBXBuildFile; fileRef = BB00000600000000000000B6 /* MetricsView.swift */; };
		CC00000700000000000000C7 /* RunChartView.swift in Sources */ = {isa = PBXBuildFile; fileRef = BB00000700000000000000B7 /* RunChartView.swift */; };
		CC00000800000000000000C8 /* SettingsView.swift in Sources */ = {isa = PBXBuildFile; fileRef = BB00000800000000000000B8 /* SettingsView.swift */; };
		CC00000900000000000000C9 /* LoadingView.swift in Sources */ = {isa = PBXBuildFile; fileRef = BB00000900000000000000B9 /* LoadingView.swift */; };
		CC00000A00000000000000CA /* GraphQLClient.swift in Sources */ = {isa = PBXBuildFile; fileRef = BB00000A00000000000000BA /* GraphQLClient.swift */; };
		CC00000B00000000000000CB /* DashboardModels.swift in Sources */ = {isa = PBXBuildFile; fileRef = BB00000B00000000000000BB /* DashboardModels.swift */; };
		CC00000C00000000000000CC /* Assets.xcassets in Resources */ = {isa = PBXBuildFile; fileRef = BB00000C00000000000000BC /* Assets.xcassets */; };
/* End PBXBuildFile section */

/* Begin PBXContainerItemProxy section */
		A100000C00000000000000AC /* PBXContainerItemProxy */ = {
			isa = PBXContainerItemProxy;
			containerPortal = 7A00000100000000000000A1 /* Project object */;
			proxyType = 1;
			remoteGlobalIDString = A100000800000000000000A8;
			remoteInfo = RunningWidget;
		};
/* End PBXContainerItemProxy section */

/* Begin PBXCopyFilesBuildPhase section */
		A100000E00000000000000AE /* Embed Foundation Extensions */ = {
			isa = PBXCopyFilesBuildPhase;
			buildActionMask = 2147483647;
			dstPath = "";
			dstSubfolderSpec = 13;
			files = (
				A100000F00000000000000AF /* RunningWidget.appex in Embed Foundation Extensions */,
			);
			name = "Embed Foundation Extensions";
			runOnlyForDeploymentPostprocessing = 0;
		};
/* End PBXCopyFilesBuildPhase section */

/* Begin PBXFileReference section */
		7A00000900000000000000A9 /* StravaRunning.app */ = {isa = PBXFileReference; explicitFileType = wrapper.application; includeInIndex = 0; path = StravaRunning.app; sourceTree = BUILT_PRODUCTS_DIR; };
		A100000100000000000000A1 /* RunningWidget.swift */ = {isa = PBXFileReference; lastKnownFileType = sourcecode.swift; path = RunningWidget.swift; sourceTree = "<group>"; };
		A100000300000000000000A3 /* RunningWidget.appex */ = {isa = PBXFileReference; explicitFileType = "wrapper.app-extension"; includeInIndex = 0; path = RunningWidget.appex; sourceTree = BUILT_PRODUCTS_DIR; };
		BB00000100000000000000B1 /* StravaRunningApp.swift */ = {isa = PBXFileReference; lastKnownFileType = sourcecode.swift; path = StravaRunningApp.swift; sourceTree = "<group>"; };
		BB00000200000000000000B2 /* AppState.swift */ = {isa = PBXFileReference; lastKnownFileType = sourcecode.swift; path = AppState.swift; sourceTree = "<group>"; };
		BB00000300000000000000B3 /* ContentView.swift */ = {isa = PBXFileReference; lastKnownFileType = sourcecode.swift; path = ContentView.swift; sourceTree = "<group>"; };
		BB00000400000000000000B4 /* DashboardView.swift */ = {isa = PBXFileReference; lastKnownFileType = sourcecode.swift; path = DashboardView.swift; sourceTree = "<group>"; };
		BB00000500000000000000B5 /* LoginView.swift */ = {isa = PBXFileReference; lastKnownFileType = sourcecode.swift; path = LoginView.swift; sourceTree = "<group>"; };
		BB00000600000000000000B6 /* MetricsView.swift */ = {isa = PBXFileReference; lastKnownFileType = sourcecode.swift; path = MetricsView.swift; sourceTree = "<group>"; };
		BB00000700000000000000B7 /* RunChartView.swift */ = {isa = PBXFileReference; lastKnownFileType = sourcecode.swift; path = RunChartView.swift; sourceTree = "<group>"; };
		BB00000800000000000000B8 /* SettingsView.swift */ = {isa = PBXFileReference; lastKnownFileType = sourcecode.swift; path = SettingsView.swift; sourceTree = "<group>"; };
		BB00000900000000000000B9 /* LoadingView.swift */ = {isa = PBXFileReference; lastKnownFileType = sourcecode.swift; path = LoadingView.swift; sourceTree = "<group>"; };
		BB00000A00000000000000BA /* GraphQLClient.swift */ = {isa = PBXFileReference; lastKnownFileType = sourcecode.swift; path = GraphQLClient.swift; sourceTree = "<group>"; };
		BB00000B00000000000000BB /* DashboardModels.swift */ = {isa = PBXFileReference; lastKnownFileType = sourcecode.swift; path = DashboardModels.swift; sourceTree = "<group>"; };
		BB00000C00000000000000BC /* Assets.xcassets */ = {isa = PBXFileReference; lastKnownFileType = folder.assetcatalog; path = Assets.xcassets; sourceTree = "<group>"; };
		A100000100000000000000A1 /* RunningWidget.swift */ = {isa = PBXFileReference; lastKnownFileType = sourcecode.swift; path = RunningWidget.swift; sourceTree = "<group>"; };
		A100001000000000000000B0 /* Info.plist */ = {isa = PBXFileReference; lastKnownFileType = text.plist.xml; path = Info.plist; sourceTree = "<group>"; };
		A100000300000000000000A3 /* RunningWidget.appex */ = {isa = PBXFileReference; explicitFileType = "wrapper.app-extension"; includeInIndex = 0; path = RunningWidget.appex; sourceTree = BUILT_PRODUCTS_DIR; };
/* End PBXFileReference section */

/* Begin PBXFrameworksBuildPhase section */
		7A00000B00000000000000AB /* Frameworks */ = {
			isa = PBXFrameworksBuildPhase;
			buildActionMask = 2147483647;
			files = (
			);
			runOnlyForDeploymentPostprocessing = 0;
		};
		A100000600000000000000A6 /* Frameworks */ = {
			isa = PBXFrameworksBuildPhase;
			buildActionMask = 2147483647;
			files = (
			);
			runOnlyForDeploymentPostprocessing = 0;
		};
/* End PBXFrameworksBuildPhase section */

/* Begin PBXGroup section */
		7A00000200000000000000A2 = {
			isa = PBXGroup;
			children = (
				7A00000400000000000000A4 /* StravaRunning */,
				A100000400000000000000A4 /* RunningWidget */,
				7A00000300000000000000A3 /* Products */,
			);
			sourceTree = "<group>";
		};
		7A00000300000000000000A3 /* Products */ = {
			isa = PBXGroup;
			children = (
				7A00000900000000000000A9 /* StravaRunning.app */,
				A100000300000000000000A3 /* RunningWidget.appex */,
			);
			name = Products;
			sourceTree = "<group>";
		};
		7A00000400000000000000A4 /* StravaRunning */ = {
			isa = PBXGroup;
			children = (
				BB00000100000000000000B1 /* StravaRunningApp.swift */,
				BB00000200000000000000B2 /* AppState.swift */,
				BB00000300000000000000B3 /* ContentView.swift */,
				7A00000500000000000000A5 /* Views */,
				7A00000600000000000000A6 /* Network */,
				7A00000700000000000000A7 /* Models */,
				BB00000C00000000000000BC /* Assets.xcassets */,
			);
			path = StravaRunning;
			sourceTree = "<group>";
		};
		7A00000500000000000000A5 /* Views */ = {
			isa = PBXGroup;
			children = (
				BB00000400000000000000B4 /* DashboardView.swift */,
				BB00000500000000000000B5 /* LoginView.swift */,
				BB00000600000000000000B6 /* MetricsView.swift */,
				BB00000700000000000000B7 /* RunChartView.swift */,
				BB00000800000000000000B8 /* SettingsView.swift */,
				BB00000900000000000000B9 /* LoadingView.swift */,
			);
			path = Views;
			sourceTree = "<group>";
		};
		7A00000600000000000000A6 /* Network */ = {
			isa = PBXGroup;
			children = (
				BB00000A00000000000000BA /* GraphQLClient.swift */,
			);
			path = Network;
			sourceTree = "<group>";
		};
		7A00000700000000000000A7 /* Models */ = {
			isa = PBXGroup;
			children = (
				BB00000B00000000000000BB /* DashboardModels.swift */,
			);
			path = Models;
			sourceTree = "<group>";
		};
		A100000400000000000000A4 /* RunningWidget */ = {
			isa = PBXGroup;
			children = (
				A100000100000000000000A1 /* RunningWidget.swift */,
				A100001000000000000000B0 /* Info.plist */,
			);
			path = RunningWidget;
			sourceTree = "<group>";
		};
/* End PBXGroup section */

/* Begin PBXNativeTarget section */
		7A00000800000000000000A8 /* StravaRunning */ = {
			isa = PBXNativeTarget;
			buildConfigurationList = 7A00001200000000000000B2 /* Build configuration list for PBXNativeTarget "StravaRunning" */;
			buildPhases = (
				7A00000A00000000000000AA /* Sources */,
				7A00000B00000000000000AB /* Frameworks */,
				7A00000C00000000000000AC /* Resources */,
				A100000E00000000000000AE /* Embed Foundation Extensions */,
			);
			buildRules = (
			);
			dependencies = (
				A100000D00000000000000AD /* PBXTargetDependency */,
			);
			name = StravaRunning;
			productName = StravaRunning;
			productReference = 7A00000900000000000000A9 /* StravaRunning.app */;
			productType = "com.apple.product-type.application";
		};
		A100000800000000000000A8 /* RunningWidget */ = {
			isa = PBXNativeTarget;
			buildConfigurationList = A100000B00000000000000AB /* Build configuration list for PBXNativeTarget "RunningWidget" */;
			buildPhases = (
				A100000500000000000000A5 /* Sources */,
				A100000600000000000000A6 /* Frameworks */,
				A100000700000000000000A7 /* Resources */,
			);
			buildRules = (
			);
			dependencies = (
			);
			name = RunningWidget;
			productName = RunningWidget;
			productReference = A100000300000000000000A3 /* RunningWidget.appex */;
			productType = "com.apple.product-type.app-extension";
		};
/* End PBXNativeTarget section */

/* Begin PBXProject section */
		7A00000100000000000000A1 /* Project object */ = {
			isa = PBXProject;
			attributes = {
				BuildIndependentTargetsInParallel = 1;
				LastSwiftUpdateCheck = 1500;
				LastUpgradeCheck = 2620;
				TargetAttributes = {
					7A00000800000000000000A8 = {
						CreatedOnToolsVersion = 15.0;
					};
					A100000800000000000000A8 = {
						CreatedOnToolsVersion = 15.0;
					};
				};
			};
			buildConfigurationList = 7A00000F00000000000000AF /* Build configuration list for PBXProject "StravaRunning" */;
			compatibilityVersion = "Xcode 14.0";
			developmentRegion = en;
			hasScannedForEncodings = 0;
			knownRegions = (
				en,
				Base,
			);
			mainGroup = 7A00000200000000000000A2;
			productRefGroup = 7A00000300000000000000A3 /* Products */;
			projectDirPath = "";
			projectRoot = "";
			targets = (
				7A00000800000000000000A8 /* StravaRunning */,
				A100000800000000000000A8 /* RunningWidget */,
			);
		};
/* End PBXProject section */

/* Begin PBXResourcesBuildPhase section */
		7A00000C00000000000000AC /* Resources */ = {
			isa = PBXResourcesBuildPhase;
			buildActionMask = 2147483647;
			files = (
				CC00000C00000000000000CC /* Assets.xcassets in Resources */,
			);
			runOnlyForDeploymentPostprocessing = 0;
		};
		A100000700000000000000A7 /* Resources */ = {
			isa = PBXResourcesBuildPhase;
			buildActionMask = 2147483647;
			files = (
			);
			runOnlyForDeploymentPostprocessing = 0;
		};
/* End PBXResourcesBuildPhase section */

/* Begin PBXSourcesBuildPhase section */
		7A00000A00000000000000AA /* Sources */ = {
			isa = PBXSourcesBuildPhase;
			buildActionMask = 2147483647;
			files = (
				CC00000100000000000000C1 /* StravaRunningApp.swift in Sources */,
				CC00000200000000000000C2 /* AppState.swift in Sources */,
				CC00000300000000000000C3 /* ContentView.swift in Sources */,
				CC00000400000000000000C4 /* DashboardView.swift in Sources */,
				CC00000500000000000000C5 /* LoginView.swift in Sources */,
				CC00000600000000000000C6 /* MetricsView.swift in Sources */,
				CC00000700000000000000C7 /* RunChartView.swift in Sources */,
				CC00000800000000000000C8 /* SettingsView.swift in Sources */,
				CC00000900000000000000C9 /* LoadingView.swift in Sources */,
				CC00000A00000000000000CA /* GraphQLClient.swift in Sources */,
				CC00000B00000000000000CB /* DashboardModels.swift in Sources */,
			);
			runOnlyForDeploymentPostprocessing = 0;
		};
		A100000500000000000000A5 /* Sources */ = {
			isa = PBXSourcesBuildPhase;
			buildActionMask = 2147483647;
			files = (
				A100000200000000000000A2 /* RunningWidget.swift in Sources */,
			);
			runOnlyForDeploymentPostprocessing = 0;
		};
/* End PBXSourcesBuildPhase section */

/* Begin PBXTargetDependency section */
		A100000D00000000000000AD /* PBXTargetDependency */ = {
			isa = PBXTargetDependency;
			target = A100000800000000000000A8 /* RunningWidget */;
			targetProxy = A100000C00000000000000AC /* PBXContainerItemProxy */;
		};
/* End PBXTargetDependency section */

/* Begin XCBuildConfiguration section */
		7A00000D00000000000000AD /* Debug */ = {
			isa = XCBuildConfiguration;
			buildSettings = {
				ALWAYS_SEARCH_USER_PATHS = NO;
				ASSETCATALOG_COMPILER_GENERATE_SWIFT_ASSET_SYMBOL_EXTENSIONS = YES;
				CLANG_ANALYZER_NONNULL = YES;
				CLANG_ANALYZER_NUMBER_OBJECT_CONVERSION = YES_AGGRESSIVE;
				CLANG_CXX_LANGUAGE_STANDARD = "gnu++20";
				CLANG_ENABLE_MODULES = YES;
				CLANG_ENABLE_OBJC_ARC = YES;
				CLANG_ENABLE_OBJC_WEAK = YES;
				CLANG_WARN_BLOCK_CAPTURE_AUTORELEASING = YES;
				CLANG_WARN_BOOL_CONVERSION = YES;
				CLANG_WARN_COMMA = YES;
				CLANG_WARN_CONSTANT_CONVERSION = YES;
				CLANG_WARN_DEPRECATED_OBJC_IMPLEMENTATIONS = YES;
				CLANG_WARN_DIRECT_OBJC_ISA_USAGE = YES_ERROR;
				CLANG_WARN_DOCUMENTATION_COMMENTS = YES;
				CLANG_WARN_EMPTY_BODY = YES;
				CLANG_WARN_ENUM_CONVERSION = YES;
				CLANG_WARN_INFINITE_RECURSION = YES;
				CLANG_WARN_INT_CONVERSION = YES;
				CLANG_WARN_NON_LITERAL_NULL_CONVERSION = YES;
				CLANG_WARN_OBJC_IMPLICIT_RETAIN_SELF = YES;
				CLANG_WARN_OBJC_LITERAL_CONVERSION = YES;
				CLANG_WARN_OBJC_ROOT_CLASS = YES_ERROR;
				CLANG_WARN_QUOTED_INCLUDE_IN_FRAMEWORK_HEADER = YES;
				CLANG_WARN_RANGE_LOOP_ANALYSIS = YES;
				CLANG_WARN_STRICT_PROTOTYPES = YES;
				CLANG_WARN_SUSPICIOUS_MOVE = YES;
				CLANG_WARN_UNGUARDED_AVAILABILITY = YES_AGGRESSIVE;
				CLANG_WARN_UNREACHABLE_CODE = YES;
				CLANG_WARN__DUPLICATE_METHOD_MATCH = YES;
				COPY_PHASE_STRIP = NO;
				DEBUG_INFORMATION_FORMAT = dwarf;
				DEVELOPMENT_TEAM = UZP98BUMJJ;
				ENABLE_STRICT_OBJC_MSGSEND = YES;
				ENABLE_TESTABILITY = YES;
				ENABLE_USER_SCRIPT_SANDBOXING = YES;
				GCC_C_LANGUAGE_STANDARD = gnu17;
				GCC_DYNAMIC_NO_PIC = NO;
				GCC_NO_COMMON_BLOCKS = YES;
				GCC_OPTIMIZATION_LEVEL = 0;
				GCC_PREPROCESSOR_DEFINITIONS = (
					"DEBUG=1",
					"$(inherited)",
				);
				GCC_WARN_64_TO_32_BIT_CONVERSION = YES;
				GCC_WARN_ABOUT_RETURN_TYPE = YES_ERROR;
				GCC_WARN_UNDECLARED_SELECTOR = YES;
				GCC_WARN_UNINITIALIZED_AUTOS = YES_AGGRESSIVE;
				GCC_WARN_UNUSED_FUNCTION = YES;
				GCC_WARN_UNUSED_VARIABLE = YES;
				IPHONEOS_DEPLOYMENT_TARGET = 17.6;
				MTL_ENABLE_DEBUG_INFO = INCLUDE_SOURCE;
				MTL_FAST_MATH = YES;
				ONLY_ACTIVE_ARCH = YES;
				SDKROOT = iphoneos;
				STRING_CATALOG_GENERATE_SYMBOLS = YES;
				SWIFT_ACTIVE_COMPILATION_CONDITIONS = "DEBUG $(inherited)";
				SWIFT_OPTIMIZATION_LEVEL = "-Onone";
			};
			name = Debug;
		};
		7A00000E00000000000000AE /* Release */ = {
			isa = XCBuildConfiguration;
			buildSettings = {
				ALWAYS_SEARCH_USER_PATHS = NO;
				ASSETCATALOG_COMPILER_GENERATE_SWIFT_ASSET_SYMBOL_EXTENSIONS = YES;
				CLANG_ANALYZER_NONNULL = YES;
				CLANG_ANALYZER_NUMBER_OBJECT_CONVERSION = YES_AGGRESSIVE;
				CLANG_CXX_LANGUAGE_STANDARD = "gnu++20";
				CLANG_ENABLE_MODULES = YES;
				CLANG_ENABLE_OBJC_ARC = YES;
				CLANG_ENABLE_OBJC_WEAK = YES;
				CLANG_WARN_BLOCK_CAPTURE_AUTORELEASING = YES;
				CLANG_WARN_BOOL_CONVERSION = YES;
				CLANG_WARN_COMMA = YES;
				CLANG_WARN_CONSTANT_CONVERSION = YES;
				CLANG_WARN_DEPRECATED_OBJC_IMPLEMENTATIONS = YES;
				CLANG_WARN_DIRECT_OBJC_ISA_USAGE = YES_ERROR;
				CLANG_WARN_DOCUMENTATION_COMMENTS = YES;
				CLANG_WARN_EMPTY_BODY = YES;
				CLANG_WARN_ENUM_CONVERSION = YES;
				CLANG_WARN_INFINITE_RECURSION = YES;
				CLANG_WARN_INT_CONVERSION = YES;
				CLANG_WARN_NON_LITERAL_NULL_CONVERSION = YES;
				CLANG_WARN_OBJC_IMPLICIT_RETAIN_SELF = YES;
				CLANG_WARN_OBJC_LITERAL_CONVERSION = YES;
				CLANG_WARN_OBJC_ROOT_CLASS = YES_ERROR;
				CLANG_WARN_QUOTED_INCLUDE_IN_FRAMEWORK_HEADER = YES;
				CLANG_WARN_RANGE_LOOP_ANALYSIS = YES;
				CLANG_WARN_STRICT_PROTOTYPES = YES;
				CLANG_WARN_SUSPICIOUS_MOVE = YES;
				CLANG_WARN_UNGUARDED_AVAILABILITY = YES_AGGRESSIVE;
				CLANG_WARN_UNREACHABLE_CODE = YES;
				CLANG_WARN__DUPLICATE_METHOD_MATCH = YES;
				COPY_PHASE_STRIP = NO;
				DEBUG_INFORMATION_FORMAT = "dwarf-with-dsym";
				DEVELOPMENT_TEAM = UZP98BUMJJ;
				ENABLE_NS_ASSERTIONS = NO;
				ENABLE_STRICT_OBJC_MSGSEND = YES;
				ENABLE_USER_SCRIPT_SANDBOXING = YES;
				GCC_C_LANGUAGE_STANDARD = gnu17;
				GCC_NO_COMMON_BLOCKS = YES;
				GCC_WARN_64_TO_32_BIT_CONVERSION = YES;
				GCC_WARN_ABOUT_RETURN_TYPE = YES_ERROR;
				GCC_WARN_UNDECLARED_SELECTOR = YES;
				GCC_WARN_UNINITIALIZED_AUTOS = YES_AGGRESSIVE;
				GCC_WARN_UNUSED_FUNCTION = YES;
				GCC_WARN_UNUSED_VARIABLE = YES;
				IPHONEOS_DEPLOYMENT_TARGET = 17.6;
				MTL_FAST_MATH = YES;
				SDKROOT = iphoneos;
				STRING_CATALOG_GENERATE_SYMBOLS = YES;
				SWIFT_COMPILATION_MODE = wholemodule;
				SWIFT_OPTIMIZATION_LEVEL = "-O";
				VALIDATE_PRODUCT = YES;
			};
			name = Release;
		};
		7A00001000000000000000B0 /* Debug */ = {
			isa = XCBuildConfiguration;
			buildSettings = {
				ASSETCATALOG_COMPILER_APPICON_NAME = AppIcon;
				ASSETCATALOG_COMPILER_GLOBAL_ACCENT_COLOR_NAME = AccentColor;
				CODE_SIGN_ENTITLEMENTS = StravaRunning/StravaRunning.entitlements;
				CODE_SIGN_STYLE = Automatic;
				CURRENT_PROJECT_VERSION = 1;
				GENERATE_INFOPLIST_FILE = YES;
				INFOPLIST_KEY_UIApplicationSceneManifest_Generation = YES;
				INFOPLIST_KEY_UIApplicationSupportsIndirectInputEvents = YES;
				INFOPLIST_KEY_UILaunchScreen_Generation = YES;
				INFOPLIST_KEY_UISupportedInterfaceOrientations_iPad = "UIInterfaceOrientationLandscapeLeft UIInterfaceOrientationLandscapeRight UIInterfaceOrientationPortrait UIInterfaceOrientationPortraitUpsideDown";
				INFOPLIST_KEY_UISupportedInterfaceOrientations_iPhone = "UIInterfaceOrientationLandscapeLeft UIInterfaceOrientationLandscapeRight UIInterfaceOrientationPortrait";
				IPHONEOS_DEPLOYMENT_TARGET = 17.6;
				LD_RUNPATH_SEARCH_PATHS = (
					"$(inherited)",
					"@executable_path/Frameworks",
				);
				MARKETING_VERSION = 1.0;
				PRODUCT_BUNDLE_IDENTIFIER = com.ben2.StravaRunning;
				PRODUCT_NAME = "$(TARGET_NAME)";
				SWIFT_EMIT_LOC_STRINGS = YES;
				SWIFT_VERSION = 5.0;
				TARGETED_DEVICE_FAMILY = "1,2";
			};
			name = Debug;
		};
		7A00001100000000000000B1 /* Release */ = {
			isa = XCBuildConfiguration;
			buildSettings = {
				ASSETCATALOG_COMPILER_APPICON_NAME = AppIcon;
				ASSETCATALOG_COMPILER_GLOBAL_ACCENT_COLOR_NAME = AccentColor;
				CODE_SIGN_ENTITLEMENTS = StravaRunning/StravaRunning.entitlements;
				CODE_SIGN_STYLE = Automatic;
				CURRENT_PROJECT_VERSION = 1;
				GENERATE_INFOPLIST_FILE = YES;
				INFOPLIST_KEY_UIApplicationSceneManifest_Generation = YES;
				INFOPLIST_KEY_UIApplicationSupportsIndirectInputEvents = YES;
				INFOPLIST_KEY_UILaunchScreen_Generation = YES;
				INFOPLIST_KEY_UISupportedInterfaceOrientations_iPad = "UIInterfaceOrientationLandscapeLeft UIInterfaceOrientationLandscapeRight UIInterfaceOrientationPortrait UIInterfaceOrientationPortraitUpsideDown";
				INFOPLIST_KEY_UISupportedInterfaceOrientations_iPhone = "UIInterfaceOrientationLandscapeLeft UIInterfaceOrientationLandscapeRight UIInterfaceOrientationPortrait";
				IPHONEOS_DEPLOYMENT_TARGET = 17.6;
				LD_RUNPATH_SEARCH_PATHS = (
					"$(inherited)",
					"@executable_path/Frameworks",
				);
				MARKETING_VERSION = 1.0;
				PRODUCT_BUNDLE_IDENTIFIER = com.ben2.StravaRunning;
				PRODUCT_NAME = "$(TARGET_NAME)";
				SWIFT_EMIT_LOC_STRINGS = YES;
				SWIFT_VERSION = 5.0;
				TARGETED_DEVICE_FAMILY = "1,2";
			};
			name = Release;
		};
		A100000900000000000000A9 /* Debug */ = {
			isa = XCBuildConfiguration;
			buildSettings = {
				CODE_SIGN_ENTITLEMENTS = RunningWidget/RunningWidget.entitlements;
				CODE_SIGN_STYLE = Automatic;
				CURRENT_PROJECT_VERSION = 1;
				GENERATE_INFOPLIST_FILE = YES;
				INFOPLIST_KEY_NSExtension_NSExtensionPointIdentifier = "com.apple.widgetkit-extension";
				IPHONEOS_DEPLOYMENT_TARGET = 17.6;
				LD_RUNPATH_SEARCH_PATHS = (
					"$(inherited)",
					"@executable_path/Frameworks",
					"@executable_path/../../Frameworks",
				);
				MARKETING_VERSION = 1.0;
				PRODUCT_BUNDLE_IDENTIFIER = com.ben2.StravaRunning.RunningWidget;
				PRODUCT_NAME = "$(TARGET_NAME)";
				SKIP_INSTALL = YES;
				SWIFT_EMIT_LOC_STRINGS = YES;
				SWIFT_VERSION = 5.0;
				TARGETED_DEVICE_FAMILY = "1,2";
			};
			name = Debug;
		};
		A100000A00000000000000AA /* Release */ = {
			isa = XCBuildConfiguration;
			buildSettings = {
				CODE_SIGN_ENTITLEMENTS = RunningWidget/RunningWidget.entitlements;
				CODE_SIGN_STYLE = Automatic;
				CURRENT_PROJECT_VERSION = 1;
				GENERATE_INFOPLIST_FILE = YES;
				INFOPLIST_KEY_NSExtension_NSExtensionPointIdentifier = "com.apple.widgetkit-extension";
				IPHONEOS_DEPLOYMENT_TARGET = 17.6;
				LD_RUNPATH_SEARCH_PATHS = (
					"$(inherited)",
					"@executable_path/Frameworks",
					"@executable_path/../../Frameworks",
				);
				MARKETING_VERSION = 1.0;
				PRODUCT_BUNDLE_IDENTIFIER = com.ben2.StravaRunning.RunningWidget;
				PRODUCT_NAME = "$(TARGET_NAME)";
				SKIP_INSTALL = YES;
				SWIFT_EMIT_LOC_STRINGS = YES;
				SWIFT_VERSION = 5.0;
				TARGETED_DEVICE_FAMILY = "1,2";
			};
			name = Release;
		};
/* End XCBuildConfiguration section */

/* Begin XCConfigurationList section */
		7A00000F00000000000000AF /* Build configuration list for PBXProject "StravaRunning" */ = {
			isa = XCConfigurationList;
			buildConfigurations = (
				7A00000D00000000000000AD /* Debug */,
				7A00000E00000000000000AE /* Release */,
			);
			defaultConfigurationIsVisible = 0;
			defaultConfigurationName = Release;
		};
		7A00001200000000000000B2 /* Build configuration list for PBXNativeTarget "StravaRunning" */ = {
			isa = XCConfigurationList;
			buildConfigurations = (
				7A00001000000000000000B0 /* Debug */,
				7A00001100000000000000B1 /* Release */,
			);
			defaultConfigurationIsVisible = 0;
			defaultConfigurationName = Release;
		};
		A100000B00000000000000AB /* Build configuration list for PBXNativeTarget "RunningWidget" */ = {
			isa = XCConfigurationList;
			buildConfigurations = (
				A100000900000000000000A9 /* Debug */,
				A100000A00000000000000AA /* Release */,
			);
			defaultConfigurationIsVisible = 0;
			defaultConfigurationName = Release;
		};
/* End XCConfigurationList section */
	};
	rootObject = 7A00000100000000000000A1 /* Project object */;
}
